
Microsoft Visual Studio Solution File, Format Version 12.00
# Visual Studio Version 16
VisualStudioVersion = 16.0.29911.84
MinimumVisualStudioVersion = 10.0.40219.1
Project("{FAE04EC0-301F-11D3-BF4B-00C04F79EFBC}") = "FlashcardApp_SOFT262.Android", "FlashcardApp_SOFT262\FlashcardApp_SOFT262.Android\FlashcardApp_SOFT262.Android.csproj", "{3B26A8B1-B655-4A61-BF2C-CB36E0429783}"
EndProject
Project("{FAE04EC0-301F-11D3-BF4B-00C04F79EFBC}") = "FlashcardApp_SOFT262.iOS", "FlashcardApp_SOFT262\FlashcardApp_SOFT262.iOS\FlashcardApp_SOFT262.iOS.csproj", "{8836427A-0F9E-4B34-81F0-2A5F73954334}"
EndProject
Project("{FAE04EC0-301F-11D3-BF4B-00C04F79EFBC}") = "FlashcardApp_SOFT262", "FlashcardApp_SOFT262\FlashcardApp_SOFT262\FlashcardApp_SOFT262.csproj", "{11DAE58A-B4C7-4807-9D83-A7C7644975A4}"
EndProject
Global
	GlobalSection(SolutionConfigurationPlatforms) = preSolution
		Debug|Any CPU = Debug|Any CPU
		Debug|iPhone = Debug|iPhone
		Debug|iPhoneSimulator = Debug|iPhoneSimulator
		Release|Any CPU = Release|Any CPU
		Release|iPhone = Release|iPhone
		Release|iPhoneSimulator = Release|iPhoneSimulator
	EndGlobalSection
	GlobalSection(ProjectConfigurationPlatforms) = postSolution
		{3B26A8B1-B655-4A61-BF2C-CB36E0429783}.Debug|Any CPU.ActiveCfg = Debug|Any CPU
		{3B26A8B1-B655-4A61-BF2C-CB36E0429783}.Debug|Any CPU.Build.0 = Debug|Any CPU
		{3B26A8B1-B655-4A61-BF2C-CB36E0429783}.Debug|Any CPU.Deploy.0 = Debug|Any CPU
		{3B26A8B1-B655-4A61-BF2C-CB36E0429783}.Debug|iPhone.ActiveCfg = Debug|Any CPU
		{3B26A8B1-B655-4A61-BF2C-CB36E0429783}.Debug|iPhone.Build.0 = Debug|Any CPU
		{3B26A8B1-B655-4A61-BF2C-CB36E0429783}.Debug|iPhone.Deploy.0 = Debug|Any CPU
		{3B26A8B1-B655-4A61-BF2C-CB36E0429783}.Debug|iPhoneSimulator.ActiveCfg = Debug|Any CPU
		{3B26A8B1-B655-4A61-BF2C-CB36E0429783}.Debug|iPhoneSimulator.Build.0 = Debug|Any CPU
		{3B26A8B1-B655-4A61-BF2C-CB36E0429783}.Debug|iPhoneSimulator.Deploy.0 = Debug|Any CPU
		{3B26A8B1-B655-4A61-BF2C-CB36E0429783}.Release|Any CPU.ActiveCfg = Release|Any CPU
		{3B26A8B1-B655-4A61-BF2C-CB36E0429783}.Release|Any CPU.Build.0 = Release|Any CPU
		{3B26A8B1-B655-4A61-BF2C-CB36E0429783}.Release|Any CPU.Deploy.0 = Release|Any CPU
		{3B26A8B1-B655-4A61-BF2C-CB36E0429783}.Release|iPhone.ActiveCfg = Release|Any CPU
		{3B26A8B1-B655-4A61-BF2C-CB36E0429783}.Release|iPhone.Build.0 = Release|Any CPU
		{3B26A8B1-B655-4A61-BF2C-CB36E0429783}.Release|iPhone.Deploy.0 = Release|Any CPU
		{3B26A8B1-B655-4A61-BF2C-CB36E0429783}.Release|iPhoneSimulator.ActiveCfg = Release|Any CPU
		{3B26A8B1-B655-4A61-BF2C-CB36E0429783}.Release|iPhoneSimulator.Build.0 = Release|Any CPU
		{3B26A8B1-B655-4A61-BF2C-CB36E0429783}.Release|iPhoneSimulator.Deploy.0 = Release|Any CPU
		{8836427A-0F9E-4B34-81F0-2A5F73954334}.Debug|Any CPU.ActiveCfg = Debug|iPhone
		{8836427A-0F9E-4B34-81F0-2A5F73954334}.Debug|Any CPU.Build.0 = Debug|iPhone
		{8836427A-0F9E-4B34-81F0-2A5F73954334}.Debug|Any CPU.Deploy.0 = Debug|iPhone
		{8836427A-0F9E-4B34-81F0-2A5F73954334}.Debug|iPhone.ActiveCfg = Debug|iPhone
		{8836427A-0F9E-4B34-81F0-2A5F73954334}.Debug|iPhone.Build.0 = Debug|iPhone
		{8836427A-0F9E-4B34-81F0-2A5F73954334}.Debug|iPhone.Deploy.0 = Debug|iPhone
		{8836427A-0F9E-4B34-81F0-2A5F73954334}.Debug|iPhoneSimulator.ActiveCfg = Debug|iPhoneSimulator
		{8836427A-0F9E-4B34-81F0-2A5F73954334}.Debug|iPhoneSimulator.Build.0 = Debug|iPhoneSimulator
		{8836427A-0F9E-4B34-81F0-2A5F73954334}.Debug|iPhoneSimulator.Deploy.0 = Debug|iPhoneSimulator
		{8836427A-0F9E-4B34-81F0-2A5F73954334}.Release|Any CPU.ActiveCfg = Release|iPhone
		{8836427A-0F9E-4B34-81F0-2A5F73954334}.Release|Any CPU.Build.0 = Release|iPhone
		{8836427A-0F9E-4B34-81F0-2A5F73954334}.Release|Any CPU.Deploy.0 = Release|iPhone
		{8836427A-0F9E-4B34-81F0-2A5F73954334}.Release|iPhone.ActiveCfg = Release|iPhone
		{8836427A-0F9E-4B34-81F0-2A5F73954334}.Release|iPhone.Build.0 = Release|iPhone
		{8836427A-0F9E-4B34-81F0-2A5F73954334}.Release|iPhone.Deploy.0 = Release|iPhone
		{8836427A-0F9E-4B34-81F0-2A5F73954334}.Release|iPhoneSimulator.ActiveCfg = Release|iPhoneSimulator
		{8836427A-0F9E-4B34-81F0-2A5F73954334}.Release|iPhoneSimulator.Build.0 = Release|iPhoneSimulator
		{8836427A-0F9E-4B34-81F0-2A5F73954334}.Release|iPhoneSimulator.Deploy.0 = Release|iPhoneSimulator
		{11DAE58A-B4C7-4807-9D83-A7C7644975A4}.Debug|Any CPU.ActiveCfg = Debug|Any CPU
		{11DAE58A-B4C7-4807-9D83-A7C7644975A4}.Debug|Any CPU.Build.0 = Debug|Any CPU
		{11DAE58A-B4C7-4807-9D83-A7C7644975A4}.Debug|Any CPU.Deploy.0 = Debug|Any CPU
		{11DAE58A-B4C7-4807-9D83-A7C7644975A4}.Debug|iPhone.ActiveCfg = Debug|Any CPU
		{11DAE58A-B4C7-4807-9D83-A7C7644975A4}.Debug|iPhone.Build.0 = Debug|Any CPU
		{11DAE58A-B4C7-4807-9D83-A7C7644975A4}.Debug|iPhone.Deploy.0 = Debug|Any CPU
		{11DAE58A-B4C7-4807-9D83-A7C7644975A4}.Debug|iPhoneSimulator.ActiveCfg = Debug|Any CPU
		{11DAE58A-B4C7-4807-9D83-A7C7644975A4}.Debug|iPhoneSimulator.Build.0 = Debug|Any CPU
		{11DAE58A-B4C7-4807-9D83-A7C7644975A4}.Debug|iPhoneSimulator.Deploy.0 = Debug|Any CPU
		{11DAE58A-B4C7-4807-9D83-A7C7644975A4}.Release|Any CPU.ActiveCfg = Release|Any CPU
		{11DAE58A-B4C7-4807-9D83-A7C7644975A4}.Release|Any CPU.Build.0 = Release|Any CPU
		{11DAE58A-B4C7-4807-9D83-A7C7644975A4}.Release|Any CPU.Deploy.0 = Release|Any CPU
		{11DAE58A-B4C7-4807-9D83-A7C7644975A4}.Release|iPhone.ActiveCfg = Release|Any CPU
		{11DAE58A-B4C7-4807-9D83-A7C7644975A4}.Release|iPhone.Build.0 = Release|Any CPU
		{11DAE58A-B4C7-4807-9D83-A7C7644975A4}.Release|iPhone.Deploy.0 = Release|Any CPU
		{11DAE58A-B4C7-4807-9D83-A7C7644975A4}.Release|iPhoneSimulator.ActiveCfg = Release|Any CPU
		{11DAE58A-B4C7-4807-9D83-A7C7644975A4}.Release|iPhoneSimulator.Build.0 = Release|Any CPU
		{11DAE58A-B4C7-4807-9D83-A7C7644975A4}.Release|iPhoneSimulator.Deploy.0 = Release|Any CPU
	EndGlobalSection
	GlobalSection(SolutionProperties) = preSolution
		HideSolutionNode = FALSE
	EndGlobalSection
	GlobalSection(ExtensibilityGlobals) = postSolution
		SolutionGuid = {1B0CE3E3-BC71-4367-80CB-49731B8E86BF}
	EndGlobalSection
EndGlobal
